// !$*UTF8*$!
{
	archiveVersion = 1;
	classes = {
	};
	objectVersion = 77;
	objects = {

/* Begin PBXBuildFile section */
		91286330B861743A7935D7FA /* WhisperKit in Frameworks */ = {isa = PBXBuildFile; productRef = B12DC43D40BD40618BB5139E /* WhisperKit */; };
		A700525F2FE5D0680081736C /* NotesKit in Frameworks */ = {isa = PBXBuildFile; productRef = A700525E2FE5D0680081736C /* NotesKit */; };
		A70052622FE6DC700081736C /* Sparkle in Frameworks */ = {isa = PBXBuildFile; productRef = A70052612FE6DC700081736C /* Sparkle */; };
		A71D717B2FE833D7008D48F6 /* NotesKit in Frameworks */ = {isa = PBXBuildFile; productRef = A71D717A2FE833D7008D48F6 /* NotesKit */; };
		A77762D42FE8A36E0088DECB /* WhisperKit in Frameworks */ = {isa = PBXBuildFile; productRef = A77762D32FE8A36E0088DECB /* WhisperKit */; };
		A78F031F2FE88FCF00485C17 /* WoojTokens in Frameworks */ = {isa = PBXBuildFile; productRef = A78F031E2FE88FCF00485C17 /* WoojTokens */; };
		A78F03212FE88FDC00485C17 /* WoojTokens in Frameworks */ = {isa = PBXBuildFile; productRef = A78F03202FE88FDC00485C17 /* WoojTokens */; };
		A792D3692FEFFA9D00F1CBD3 /* SnapshotTesting in Frameworks */ = {isa = PBXBuildFile; productRef = A792D3682FEFFA9D00F1CBD3 /* SnapshotTesting */; };
		A792D36B2FEFFAA800F1CBD3 /* SnapshotTesting in Frameworks */ = {isa = PBXBuildFile; productRef = A792D36A2FEFFAA800F1CBD3 /* SnapshotTesting */; };
/* End PBXBuildFile section */

/* Begin PBXContainerItemProxy section */
		A792D3552FEFF6F700F1CBD3 /* PBXContainerItemProxy */ = {
			isa = PBXContainerItemProxy;
			containerPortal = A70052352FE5C55D0081736C /* Project object */;
			proxyType = 1;
			remoteGlobalIDString = A71D71602FE83172008D48F6;
			remoteInfo = StickySyncMobile;
		};
		A792D3622FEFF71500F1CBD3 /* PBXContainerItemProxy */ = {
			isa = PBXContainerItemProxy;
			containerPortal = A70052352FE5C55D0081736C /* Project object */;
			proxyType = 1;
			remoteGlobalIDString = A700523C2FE5C55D0081736C;
			remoteInfo = StickySync;
		};
/* End PBXContainerItemProxy section */

/* Begin PBXFileReference section */
		A700523D2FE5C55D0081736C /* StickySync.app */ = {isa = PBXFileReference; explicitFileType = wrapper.application; includeInIndex = 0; path = StickySync.app; sourceTree = BUILT_PRODUCTS_DIR; };
		A71D71612FE83172008D48F6 /* StickySyncMobile.app */ = {isa = PBXFileReference; explicitFileType = wrapper.application; includeInIndex = 0; path = StickySyncMobile.app; sourceTree = BUILT_PRODUCTS_DIR; };
		A792D3512FEFF6F700F1CBD3 /* StickySyncMobileTests.xctest */ = {isa = PBXFileReference; explicitFileType = wrapper.cfbundle; includeInIndex = 0; path = StickySyncMobileTests.xctest; sourceTree = BUILT_PRODUCTS_DIR; };
		A792D35E2FEFF71500F1CBD3 /* StickySyncTests.xctest */ = {isa = PBXFileReference; explicitFileType = wrapper.cfbundle; includeInIndex = 0; path = StickySyncTests.xctest; sourceTree = BUILT_PRODUCTS_DIR; };
/* End PBXFileReference section */

/* Begin PBXFileSystemSynchronizedBuildFileExceptionSet section */
		A71D71782FE83292008D48F6 /* Exceptions for "StickySyncMobile" folder in "StickySyncMobile" target */ = {
			isa = PBXFileSystemSynchronizedBuildFileExceptionSet;
			membershipExceptions = (
				Info.plist,
			);
			target = A71D71602FE83172008D48F6 /* StickySyncMobile */;
		};
/* End PBXFileSystemSynchronizedBuildFileExceptionSet section */

/* Begin PBXFileSystemSynchronizedRootGroup section */
		A700523F2FE5C55D0081736C /* StickySync */ = {
			isa = PBXFileSystemSynchronizedRootGroup;
			path = StickySync;
			sourceTree = "<group>";
		};
		A71D71622FE83172008D48F6 /* StickySyncMobile */ = {
			isa = PBXFileSystemSynchronizedRootGroup;
			exceptions = (
				A71D71782FE83292008D48F6 /* Exceptions for "StickySyncMobile" folder in "StickySyncMobile" target */,
			);
			path = StickySyncMobile;
			sourceTree = "<group>";
		};
		A792D3522FEFF6F700F1CBD3 /* StickySyncMobileTests */ = {
			isa = PBXFileSystemSynchronizedRootGroup;
			path = StickySyncMobileTests;
			sourceTree = "<group>";
		};
		A792D35F2FEFF71500F1CBD3 /* StickySyncTests */ = {
			isa = PBXFileSystemSynchronizedRootGroup;
			path = StickySyncTests;
			sourceTree = "<group>";
		};
		A7BABE012FF000010000F00D /* Shared */ = {
			isa = PBXFileSystemSynchronizedRootGroup;
			path = Shared;
			sourceTree = "<group>";
		};
/* End PBXFileSystemSynchronizedRootGroup section */

/* Begin PBXFrameworksBuildPhase section */
		A700523A2FE5C55D0081736C /* Frameworks */ = {
			isa = PBXFrameworksBuildPhase;
			buildActionMask = 2147483647;
			files = (
				A700525F2FE5D0680081736C /* NotesKit in Frameworks */,
				A78F031F2FE88FCF00485C17 /* WoojTokens in Frameworks */,
				A70052622FE6DC700081736C /* Sparkle in Frameworks */,
				91286330B861743A7935D7FA /* WhisperKit in Frameworks */,
			);
			runOnlyForDeploymentPostprocessing = 0;
		};
		A71D715E2FE83172008D48F6 /* Frameworks */ = {
			isa = PBXFrameworksBuildPhase;
			buildActionMask = 2147483647;
			files = (
				A77762D42FE8A36E0088DECB /* WhisperKit in Frameworks */,
				A71D717B2FE833D7008D48F6 /* NotesKit in Frameworks */,
				A78F03212FE88FDC00485C17 /* WoojTokens in Frameworks */,
			);
			runOnlyForDeploymentPostprocessing = 0;
		};
		A792D34E2FEFF6F700F1CBD3 /* Frameworks */ = {
			isa = PBXFrameworksBuildPhase;
			buildActionMask = 2147483647;
			files = (
				A792D36B2FEFFAA800F1CBD3 /* SnapshotTesting in Frameworks */,
			);
			runOnlyForDeploymentPostprocessing = 0;
		};
		A792D35B2FEFF71500F1CBD3 /* Frameworks */ = {
			isa = PBXFrameworksBuildPhase;
			buildActionMask = 2147483647;
			files = (
				A792D3692FEFFA9D00F1CBD3 /* SnapshotTesting in Frameworks */,
			);
			runOnlyForDeploymentPostprocessing = 0;
		};
/* End PBXFrameworksBuildPhase section */

/* Begin PBXGroup section */
		A70052342FE5C55D0081736C = {
			isa = PBXGroup;
			children = (
				A700523F2FE5C55D0081736C /* StickySync */,
				A71D71622FE83172008D48F6 /* StickySyncMobile */,
				A7BABE012FF000010000F00D /* Shared */,
				A792D3522FEFF6F700F1CBD3 /* StickySyncMobileTests */,
				A792D35F2FEFF71500F1CBD3 /* StickySyncTests */,
				A71D71792FE833D7008D48F6 /* Frameworks */,
				A700523E2FE5C55D0081736C /* Products */,
			);
			sourceTree = "<group>";
		};
		A700523E2FE5C55D0081736C /* Products */ = {
			isa = PBXGroup;
			children = (
				A700523D2FE5C55D0081736C /* StickySync.app */,
				A71D71612FE83172008D48F6 /* StickySyncMobile.app */,
				A792D3512FEFF6F700F1CBD3 /* StickySyncMobileTests.xctest */,
				A792D35E2FEFF71500F1CBD3 /* StickySyncTests.xctest */,
			);
			name = Products;
			sourceTree = "<group>";
		};
		A71D71792FE833D7008D48F6 /* Frameworks */ = {
			isa = PBXGroup;
			children = (
			);
			name = Frameworks;
			sourceTree = "<group>";
		};
/* End PBXGroup section */

/* Begin PBXNativeTarget section */
		A700523C2FE5C55D0081736C /* StickySync */ = {
			isa = PBXNativeTarget;
			buildConfigurationList = A70052482FE5C5600081736C /* Build configuration list for PBXNativeTarget "StickySync" */;
			buildPhases = (
				A70052392FE5C55D0081736C /* Sources */,
				A700523A2FE5C55D0081736C /* Frameworks */,
				A700523B2FE5C55D0081736C /* Resources */,
			);
			buildRules = (
			);
			dependencies = (
			);
			fileSystemSynchronizedGroups = (
				A700523F2FE5C55D0081736C /* StickySync */,
				A7BABE012FF000010000F00D /* Shared */,
			);
			name = StickySync;
			packageProductDependencies = (
				A700525E2FE5D0680081736C /* NotesKit */,
				A70052612FE6DC700081736C /* Sparkle */,
				A78F031E2FE88FCF00485C17 /* WoojTokens */,
				B12DC43D40BD40618BB5139E /* WhisperKit */,
			);
			productName = StickySync;
			productReference = A700523D2FE5C55D0081736C /* StickySync.app */;
			productType = "com.apple.product-type.application";
		};
		A71D71602FE83172008D48F6 /* StickySyncMobile */ = {
			isa = PBXNativeTarget;
			buildConfigurationList = A71D71692FE83173008D48F6 /* Build configuration list for PBXNativeTarget "StickySyncMobile" */;
			buildPhases = (
				A71D715D2FE83172008D48F6 /* Sources */,
				A71D715E2FE83172008D48F6 /* Frameworks */,
				A71D715F2FE83172008D48F6 /* Resources */,
			);
			buildRules = (
			);
			dependencies = (
			);
			fileSystemSynchronizedGroups = (
				A71D71622FE83172008D48F6 /* StickySyncMobile */,
				A7BABE012FF000010000F00D /* Shared */,
			);
			name = StickySyncMobile;
			packageProductDependencies = (
				A71D717A2FE833D7008D48F6 /* NotesKit */,
				A78F03202FE88FDC00485C17 /* WoojTokens */,
				A77762D32FE8A36E0088DECB /* WhisperKit */,
			);
			productName = StickySyncMobile;
			productReference = A71D71612FE83172008D48F6 /* StickySyncMobile.app */;
			productType = "com.apple.product-type.application";
		};
		A792D3502FEFF6F700F1CBD3 /* StickySyncMobileTests */ = {
			isa = PBXNativeTarget;
			buildConfigurationList = A792D3592FEFF6F700F1CBD3 /* Build configuration list for PBXNativeTarget "StickySyncMobileTests" */;
			buildPhases = (
				A792D34D2FEFF6F700F1CBD3 /* Sources */,
				A792D34E2FEFF6F700F1CBD3 /* Frameworks */,
				A792D34F2FEFF6F700F1CBD3 /* Resources */,
			);
			buildRules = (
			);
			dependencies = (
				A792D3562FEFF6F700F1CBD3 /* PBXTargetDependency */,
			);
			fileSystemSynchronizedGroups = (
				A792D3522FEFF6F700F1CBD3 /* StickySyncMobileTests */,
			);
			name = StickySyncMobileTests;
			packageProductDependencies = (
				A792D36A2FEFFAA800F1CBD3 /* SnapshotTesting */,
			);
			productName = StickySyncMobileTests;
			productReference = A792D3512FEFF6F700F1CBD3 /* StickySyncMobileTests.xctest */;
			productType = "com.apple.product-type.bundle.unit-test";
		};
		A792D35D2FEFF71500F1CBD3 /* StickySyncTests */ = {
			isa = PBXNativeTarget;
			buildConfigurationList = A792D3642FEFF71500F1CBD3 /* Build configuration list for PBXNativeTarget "StickySyncTests" */;
			buildPhases = (
				A792D35A2FEFF71500F1CBD3 /* Sources */,
				A792D35B2FEFF71500F1CBD3 /* Frameworks */,
				A792D35C2FEFF71500F1CBD3 /* Resources */,
			);
			buildRules = (
			);
			dependencies = (
				A792D3632FEFF71500F1CBD3 /* PBXTargetDependency */,
			);
			fileSystemSynchronizedGroups = (
				A792D35F2FEFF71500F1CBD3 /* StickySyncTests */,
			);
			name = StickySyncTests;
			packageProductDependencies = (
				A792D3682FEFFA9D00F1CBD3 /* SnapshotTesting */,
			);
			productName = StickySyncTests;
			productReference = A792D35E2FEFF71500F1CBD3 /* StickySyncTests.xctest */;
			productType = "com.apple.product-type.bundle.unit-test";
		};
/* End PBXNativeTarget section */

/* Begin PBXProject section */
		A70052352FE5C55D0081736C /* Project object */ = {
			isa = PBXProject;
			attributes = {
				BuildIndependentTargetsInParallel = 1;
				LastSwiftUpdateCheck = 2600;
				LastUpgradeCheck = 2600;
				TargetAttributes = {
					A700523C2FE5C55D0081736C = {
						CreatedOnToolsVersion = 26.0;
						LastSwiftMigration = 2600;
					};
					A71D71602FE83172008D48F6 = {
						CreatedOnToolsVersion = 26.0;
						LastSwiftMigration = 2600;
					};
					A792D3502FEFF6F700F1CBD3 = {
						CreatedOnToolsVersion = 26.0;
						TestTargetID = A71D71602FE83172008D48F6;
					};
					A792D35D2FEFF71500F1CBD3 = {
						CreatedOnToolsVersion = 26.0;
						TestTargetID = A700523C2FE5C55D0081736C;
					};
				};
			};
			buildConfigurationList = A70052382FE5C55D0081736C /* Build configuration list for PBXProject "StickySync" */;
			developmentRegion = en;
			hasScannedForEncodings = 0;
			knownRegions = (
				en,
				Base,
			);
			mainGroup = A70052342FE5C55D0081736C;
			minimizedProjectReferenceProxies = 1;
			packageReferences = (
				A700525D2FE5CDDB0081736C /* XCLocalSwiftPackageReference "../../../dev/noteskit" */,
				A70052602FE6DC700081736C /* XCRemoteSwiftPackageReference "Sparkle" */,
				A78F031D2FE88FCF00485C17 /* XCLocalSwiftPackageReference "../../../dev/wooj-tokens" */,
				A77762D22FE8A36E0088DECB /* XCRemoteSwiftPackageReference "WhisperKit" */,
				A792D3672FEFFA9D00F1CBD3 /* XCRemoteSwiftPackageReference "swift-snapshot-testing" */,
			);
			preferredProjectObjectVersion = 77;
			productRefGroup = A700523E2FE5C55D0081736C /* Products */;
			projectDirPath = "";
			projectRoot = "";
			targets = (
				A700523C2FE5C55D0081736C /* StickySync */,
				A71D71602FE83172008D48F6 /* StickySyncMobile */,
				A792D3502FEFF6F700F1CBD3 /* StickySyncMobileTests */,
				A792D35D2FEFF71500F1CBD3 /* StickySyncTests */,
			);
		};
/* End PBXProject section */

/* Begin PBXResourcesBuildPhase section */
		A700523B2FE5C55D0081736C /* Resources */ = {
			isa = PBXResourcesBuildPhase;
			buildActionMask = 2147483647;
			files = (
			);
			runOnlyForDeploymentPostprocessing = 0;
		};
		A71D715F2FE83172008D48F6 /* Resources */ = {
			isa = PBXResourcesBuildPhase;
			buildActionMask = 2147483647;
			files = (
			);
			runOnlyForDeploymentPostprocessing = 0;
		};
		A792D34F2FEFF6F700F1CBD3 /* Resources */ = {
			isa = PBXResourcesBuildPhase;
			buildActionMask = 2147483647;
			files = (
			);
			runOnlyForDeploymentPostprocessing = 0;
		};
		A792D35C2FEFF71500F1CBD3 /* Resources */ = {
			isa = PBXResourcesBuildPhase;
			buildActionMask = 2147483647;
			files = (
			);
			runOnlyForDeploymentPostprocessing = 0;
		};
/* End PBXResourcesBuildPhase section */

/* Begin PBXSourcesBuildPhase section */
		A70052392FE5C55D0081736C /* Sources */ = {
			isa = PBXSourcesBuildPhase;
			buildActionMask = 2147483647;
			files = (
			);
			runOnlyForDeploymentPostprocessing = 0;
		};
		A71D715D2FE83172008D48F6 /* Sources */ = {
			isa = PBXSourcesBuildPhase;
			buildActionMask = 2147483647;
			files = (
			);
			runOnlyForDeploymentPostprocessing = 0;
		};
		A792D34D2FEFF6F700F1CBD3 /* Sources */ = {
			isa = PBXSourcesBuildPhase;
			buildActionMask = 2147483647;
			files = (
			);
			runOnlyForDeploymentPostprocessing = 0;
		};
		A792D35A2FEFF71500F1CBD3 /* Sources */ = {
			isa = PBXSourcesBuildPhase;
			buildActionMask = 2147483647;
			files = (
			);
			runOnlyForDeploymentPostprocessing = 0;
		};
/* End PBXSourcesBuildPhase section */

/* Begin PBXTargetDependency section */
		A792D3562FEFF6F700F1CBD3 /* PBXTargetDependency */ = {
			isa = PBXTargetDependency;
			target = A71D71602FE83172008D48F6 /* StickySyncMobile */;
			targetProxy = A792D3552FEFF6F700F1CBD3 /* PBXContainerItemProxy */;
		};
		A792D3632FEFF71500F1CBD3 /* PBXTargetDependency */ = {
			isa = PBXTargetDependency;
			target = A700523C2FE5C55D0081736C /* StickySync */;
			targetProxy = A792D3622FEFF71500F1CBD3 /* PBXContainerItemProxy */;
		};
/* End PBXTargetDependency section */

/* Begin XCBuildConfiguration section */
		A70052462FE5C5600081736C /* Debug */ = {
			isa = XCBuildConfiguration;
			buildSettings = {
				ALWAYS_SEARCH_USER_PATHS = NO;
				ASSETCATALOG_COMPILER_GENERATE_SWIFT_ASSET_SYMBOL_EXTENSIONS = YES;
				CLANG_ANALYZER_NONNULL = YES;
				CLANG_ANALYZER_NUMBER_OBJECT_CONVERSION = YES_AGGRESSIVE;
				CLANG_CXX_LANGUAGE_STANDARD = "gnu++20";
				CLANG_ENABLE_MODULES = YES;
				CLANG_ENABLE_OBJC_ARC = YES;
				CLANG_ENABLE_OBJC_WEAK = YES;
				CLANG_WARN_BLOCK_CAPTURE_AUTORELEASING = YES;
				CLANG_WARN_BOOL_CONVERSION = YES;
				CLANG_WARN_COMMA = YES;
				CLANG_WARN_CONSTANT_CONVERSION = YES;
				CLANG_WARN_DEPRECATED_OBJC_IMPLEMENTATIONS = YES;
				CLANG_WARN_DIRECT_OBJC_ISA_USAGE = YES_ERROR;
				CLANG_WARN_DOCUMENTATION_COMMENTS = YES;
				CLANG_WARN_EMPTY_BODY = YES;
				CLANG_WARN_ENUM_CONVERSION = YES;
				CLANG_WARN_INFINITE_RECURSION = YES;
				CLANG_WARN_INT_CONVERSION = YES;
				CLANG_WARN_NON_LITERAL_NULL_CONVERSION = YES;
				CLANG_WARN_OBJC_IMPLICIT_RETAIN_SELF = YES;
				CLANG_WARN_OBJC_LITERAL_CONVERSION = YES;
				CLANG_WARN_OBJC_ROOT_CLASS = YES_ERROR;
				CLANG_WARN_QUOTED_INCLUDE_IN_FRAMEWORK_HEADER = YES;
				CLANG_WARN_RANGE_LOOP_ANALYSIS = YES;
				CLANG_WARN_STRICT_PROTOTYPES = YES;
				CLANG_WARN_SUSPICIOUS_MOVE = YES;
				CLANG_WARN_UNGUARDED_AVAILABILITY = YES_AGGRESSIVE;
				CLANG_WARN_UNREACHABLE_CODE = YES;
				CLANG_WARN__DUPLICATE_METHOD_MATCH = YES;
				COPY_PHASE_STRIP = NO;
				DEBUG_INFORMATION_FORMAT = dwarf;
				DEVELOPMENT_TEAM = BSPX8X9U4B;
				ENABLE_STRICT_OBJC_MSGSEND = YES;
				ENABLE_TESTABILITY = YES;
				ENABLE_USER_SCRIPT_SANDBOXING = YES;
				GCC_C_LANGUAGE_STANDARD = gnu17;
				GCC_DYNAMIC_NO_PIC = NO;
				GCC_NO_COMMON_BLOCKS = YES;
				GCC_OPTIMIZATION_LEVEL = 0;
				GCC_PREPROCESSOR_DEFINITIONS = (
					"DEBUG=1",
					"$(inherited)",
				);
				GCC_WARN_64_TO_32_BIT_CONVERSION = YES;
				GCC_WARN_ABOUT_RETURN_TYPE = YES_ERROR;
				GCC_WARN_UNDECLARED_SELECTOR = YES;
				GCC_WARN_UNINITIALIZED_AUTOS = YES_AGGRESSIVE;
				GCC_WARN_UNUSED_FUNCTION = YES;
				GCC_WARN_UNUSED_VARIABLE = YES;
				LOCALIZATION_PREFERS_STRING_CATALOGS = YES;
				MACOSX_DEPLOYMENT_TARGET = 15.6;
				MTL_ENABLE_DEBUG_INFO = INCLUDE_SOURCE;
				MTL_FAST_MATH = YES;
				ONLY_ACTIVE_ARCH = YES;
				SDKROOT = macosx;
				SWIFT_ACTIVE_COMPILATION_CONDITIONS = "DEBUG $(inherited)";
				SWIFT_OPTIMIZATION_LEVEL = "-Onone";
			};
			name = Debug;
		};
		A70052472FE5C5600081736C /* Release */ = {
			isa = XCBuildConfiguration;
			buildSettings = {
				ALWAYS_SEARCH_USER_PATHS = NO;
				ASSETCATALOG_COMPILER_GENERATE_SWIFT_ASSET_SYMBOL_EXTENSIONS = YES;
				CLANG_ANALYZER_NONNULL = YES;
				CLANG_ANALYZER_NUMBER_OBJECT_CONVERSION = YES_AGGRESSIVE;
				CLANG_CXX_LANGUAGE_STANDARD = "gnu++20";
				CLANG_ENABLE_MODULES = YES;
				CLANG_ENABLE_OBJC_ARC = YES;
				CLANG_ENABLE_OBJC_WEAK = YES;
				CLANG_WARN_BLOCK_CAPTURE_AUTORELEASING = YES;
				CLANG_WARN_BOOL_CONVERSION = YES;
				CLANG_WARN_COMMA = YES;
				CLANG_WARN_CONSTANT_CONVERSION = YES;
				CLANG_WARN_DEPRECATED_OBJC_IMPLEMENTATIONS = YES;
				CLANG_WARN_DIRECT_OBJC_ISA_USAGE = YES_ERROR;
				CLANG_WARN_DOCUMENTATION_COMMENTS = YES;
				CLANG_WARN_EMPTY_BODY = YES;
				CLANG_WARN_ENUM_CONVERSION = YES;
				CLANG_WARN_INFINITE_RECURSION = YES;
				CLANG_WARN_INT_CONVERSION = YES;
				CLANG_WARN_NON_LITERAL_NULL_CONVERSION = YES;
				CLANG_WARN_OBJC_IMPLICIT_RETAIN_SELF = YES;
				CLANG_WARN_OBJC_LITERAL_CONVERSION = YES;
				CLANG_WARN_OBJC_ROOT_CLASS = YES_ERROR;
				CLANG_WARN_QUOTED_INCLUDE_IN_FRAMEWORK_HEADER = YES;
				CLANG_WARN_RANGE_LOOP_ANALYSIS = YES;
				CLANG_WARN_STRICT_PROTOTYPES = YES;
				CLANG_WARN_SUSPICIOUS_MOVE = YES;
				CLANG_WARN_UNGUARDED_AVAILABILITY = YES_AGGRESSIVE;
				CLANG_WARN_UNREACHABLE_CODE = YES;
				CLANG_WARN__DUPLICATE_METHOD_MATCH = YES;
				COPY_PHASE_STRIP = NO;
				DEBUG_INFORMATION_FORMAT = "dwarf-with-dsym";
				DEVELOPMENT_TEAM = BSPX8X9U4B;
				ENABLE_NS_ASSERTIONS = NO;
				ENABLE_STRICT_OBJC_MSGSEND = YES;
				ENABLE_USER_SCRIPT_SANDBOXING = YES;
				GCC_C_LANGUAGE_STANDARD = gnu17;
				GCC_NO_COMMON_BLOCKS = YES;
				GCC_WARN_64_TO_32_BIT_CONVERSION = YES;
				GCC_WARN_ABOUT_RETURN_TYPE = YES_ERROR;
				GCC_WARN_UNDECLARED_SELECTOR = YES;
				GCC_WARN_UNINITIALIZED_AUTOS = YES_AGGRESSIVE;
				GCC_WARN_UNUSED_FUNCTION = YES;
				GCC_WARN_UNUSED_VARIABLE = YES;
				LOCALIZATION_PREFERS_STRING_CATALOGS = YES;
				MACOSX_DEPLOYMENT_TARGET = 15.6;
				MTL_ENABLE_DEBUG_INFO = NO;
				MTL_FAST_MATH = YES;
				SDKROOT = macosx;
				SWIFT_COMPILATION_MODE = wholemodule;
			};
			name = Release;
		};
		A70052492FE5C5600081736C /* Debug */ = {
			isa = XCBuildConfiguration;
			buildSettings = {
				ASSETCATALOG_COMPILER_APPICON_NAME = AppIcon;
				ASSETCATALOG_COMPILER_GLOBAL_ACCENT_COLOR_NAME = AccentColor;
				CLANG_ENABLE_MODULES = YES;
				CODE_SIGN_ENTITLEMENTS = StickySync/StickySync.entitlements;
				CODE_SIGN_STYLE = Automatic;
				COMBINE_HIDPI_IMAGES = YES;
				CURRENT_PROJECT_VERSION = 1;
				DEVELOPMENT_TEAM = BSPX8X9U4B;
				ENABLE_APP_SANDBOX = YES;
				ENABLE_HARDENED_RUNTIME = YES;
				ENABLE_PREVIEWS = YES;
				ENABLE_USER_SELECTED_FILES = readonly;
				GENERATE_INFOPLIST_FILE = YES;
				INFOPLIST_KEY_NSHumanReadableCopyright = "";
				LD_RUNPATH_SEARCH_PATHS = (
					"$(inherited)",
					"@executable_path/../Frameworks",
				);
				MARKETING_VERSION = 1.0;
				PRODUCT_BUNDLE_IDENTIFIER = wooj.StickySync;
				PRODUCT_NAME = "$(TARGET_NAME)";
				REGISTER_APP_GROUPS = YES;
				STRING_CATALOG_GENERATE_SYMBOLS = YES;
				SWIFT_ACTIVE_COMPILATION_CONDITIONS = CLOUDKIT;
				SWIFT_APPROACHABLE_CONCURRENCY = YES;
				SWIFT_DEFAULT_ACTOR_ISOLATION = MainActor;
				SWIFT_EMIT_LOC_STRINGS = YES;
				SWIFT_OPTIMIZATION_LEVEL = "-Onone";
				SWIFT_UPCOMING_FEATURE_MEMBER_IMPORT_VISIBILITY = YES;
				SWIFT_VERSION = 5.0;
			};
			name = Debug;
		};
		A700524A2FE5C5600081736C /* Release */ = {
			isa = XCBuildConfiguration;
			buildSettings = {
				ASSETCATALOG_COMPILER_APPICON_NAME = AppIcon;
				ASSETCATALOG_COMPILER_GLOBAL_ACCENT_COLOR_NAME = AccentColor;
				CLANG_ENABLE_MODULES = YES;
				CODE_SIGN_ENTITLEMENTS = StickySync/StickySync.entitlements;
				CODE_SIGN_STYLE = Automatic;
				COMBINE_HIDPI_IMAGES = YES;
				CURRENT_PROJECT_VERSION = 1;
				DEVELOPMENT_TEAM = BSPX8X9U4B;
				ENABLE_APP_SANDBOX = YES;
				ENABLE_HARDENED_RUNTIME = YES;
				ENABLE_PREVIEWS = YES;
				ENABLE_USER_SELECTED_FILES = readonly;
				GENERATE_INFOPLIST_FILE = YES;
				INFOPLIST_KEY_NSHumanReadableCopyright = "";
				LD_RUNPATH_SEARCH_PATHS = (
					"$(inherited)",
					"@executable_path/../Frameworks",
				);
				MARKETING_VERSION = 1.0;
				PRODUCT_BUNDLE_IDENTIFIER = wooj.StickySync;
				PRODUCT_NAME = "$(TARGET_NAME)";
				REGISTER_APP_GROUPS = YES;
				STRING_CATALOG_GENERATE_SYMBOLS = YES;
				SWIFT_ACTIVE_COMPILATION_CONDITIONS = CLOUDKIT;
				SWIFT_APPROACHABLE_CONCURRENCY = YES;
				SWIFT_DEFAULT_ACTOR_ISOLATION = MainActor;
				SWIFT_EMIT_LOC_STRINGS = YES;
				SWIFT_UPCOMING_FEATURE_MEMBER_IMPORT_VISIBILITY = YES;
				SWIFT_VERSION = 5.0;
			};
			name = Release;
		};
		A71D716A2FE83173008D48F6 /* Debug */ = {
			isa = XCBuildConfiguration;
			buildSettings = {
				ASSETCATALOG_COMPILER_APPICON_NAME = AppIcon;
				ASSETCATALOG_COMPILER_GLOBAL_ACCENT_COLOR_NAME = AccentColor;
				CLANG_ENABLE_MODULES = YES;
				CODE_SIGN_ENTITLEMENTS = StickySyncMobile/StickySyncMobile.entitlements;
				CODE_SIGN_STYLE = Automatic;
				CURRENT_PROJECT_VERSION = 1;
				DEVELOPMENT_TEAM = BSPX8X9U4B;
				ENABLE_PREVIEWS = YES;
				GENERATE_INFOPLIST_FILE = YES;
				INFOPLIST_FILE = StickySyncMobile/Info.plist;
				INFOPLIST_KEY_UIApplicationSceneManifest_Generation = YES;
				INFOPLIST_KEY_UIApplicationSupportsIndirectInputEvents = YES;
				INFOPLIST_KEY_UILaunchScreen_Generation = YES;
				INFOPLIST_KEY_UISupportedInterfaceOrientations_iPad = "UIInterfaceOrientationPortrait UIInterfaceOrientationPortraitUpsideDown UIInterfaceOrientationLandscapeLeft UIInterfaceOrientationLandscapeRight";
				INFOPLIST_KEY_UISupportedInterfaceOrientations_iPhone = "UIInterfaceOrientationPortrait UIInterfaceOrientationLandscapeLeft UIInterfaceOrientationLandscapeRight";
				IPHONEOS_DEPLOYMENT_TARGET = 26.0;
				LD_RUNPATH_SEARCH_PATHS = (
					"$(inherited)",
					"@executable_path/Frameworks",
				);
				MARKETING_VERSION = 1.0;
				PRODUCT_BUNDLE_IDENTIFIER = wooj.StickySyncMobile;
				PRODUCT_NAME = "$(TARGET_NAME)";
				SDKROOT = iphoneos;
				STRING_CATALOG_GENERATE_SYMBOLS = YES;
				SWIFT_APPROACHABLE_CONCURRENCY = YES;
				SWIFT_DEFAULT_ACTOR_ISOLATION = MainActor;
				SWIFT_EMIT_LOC_STRINGS = YES;
				SWIFT_OPTIMIZATION_LEVEL = "-Onone";
				SWIFT_UPCOMING_FEATURE_MEMBER_IMPORT_VISIBILITY = YES;
				SWIFT_VERSION = 5.0;
				TARGETED_DEVICE_FAMILY = "1,2";
			};
			name = Debug;
		};
		A71D716B2FE83173008D48F6 /* Release */ = {
			isa = XCBuildConfiguration;
			buildSettings = {
				ASSETCATALOG_COMPILER_APPICON_NAME = AppIcon;
				ASSETCATALOG_COMPILER_GLOBAL_ACCENT_COLOR_NAME = AccentColor;
				CLANG_ENABLE_MODULES = YES;
				CODE_SIGN_ENTITLEMENTS = StickySyncMobile/StickySyncMobile.entitlements;
				CODE_SIGN_STYLE = Automatic;
				CURRENT_PROJECT_VERSION = 1;
				DEVELOPMENT_TEAM = BSPX8X9U4B;
				ENABLE_PREVIEWS = YES;
				GENERATE_INFOPLIST_FILE = YES;
				INFOPLIST_FILE = StickySyncMobile/Info.plist;
				INFOPLIST_KEY_UIApplicationSceneManifest_Generation = YES;
				INFOPLIST_KEY_UIApplicationSupportsIndirectInputEvents = YES;
				INFOPLIST_KEY_UILaunchScreen_Generation = YES;
				INFOPLIST_KEY_UISupportedInterfaceOrientations_iPad = "UIInterfaceOrientationPortrait UIInterfaceOrientationPortraitUpsideDown UIInterfaceOrientationLandscapeLeft UIInterfaceOrientationLandscapeRight";
				INFOPLIST_KEY_UISupportedInterfaceOrientations_iPhone = "UIInterfaceOrientationPortrait UIInterfaceOrientationLandscapeLeft UIInterfaceOrientationLandscapeRight";
				IPHONEOS_DEPLOYMENT_TARGET = 26.0;
				LD_RUNPATH_SEARCH_PATHS = (
					"$(inherited)",
					"@executable_path/Frameworks",
				);
				MARKETING_VERSION = 1.0;
				PRODUCT_BUNDLE_IDENTIFIER = wooj.StickySyncMobile;
				PRODUCT_NAME = "$(TARGET_NAME)";
				SDKROOT = iphoneos;
				STRING_CATALOG_GENERATE_SYMBOLS = YES;
				SWIFT_APPROACHABLE_CONCURRENCY = YES;
				SWIFT_DEFAULT_ACTOR_ISOLATION = MainActor;
				SWIFT_EMIT_LOC_STRINGS = YES;
				SWIFT_UPCOMING_FEATURE_MEMBER_IMPORT_VISIBILITY = YES;
				SWIFT_VERSION = 5.0;
				TARGETED_DEVICE_FAMILY = "1,2";
				VALIDATE_PRODUCT = YES;
			};
			name = Release;
		};
		A792D3572FEFF6F700F1CBD3 /* Debug */ = {
			isa = XCBuildConfiguration;
			buildSettings = {
				BUNDLE_LOADER = "$(TEST_HOST)";
				CODE_SIGN_STYLE = Automatic;
				CURRENT_PROJECT_VERSION = 1;
				DEVELOPMENT_TEAM = BSPX8X9U4B;
				GENERATE_INFOPLIST_FILE = YES;
				IPHONEOS_DEPLOYMENT_TARGET = 26.0;
				MARKETING_VERSION = 1.0;
				PRODUCT_BUNDLE_IDENTIFIER = wooj.StickySyncMobileTests;
				PRODUCT_NAME = "$(TARGET_NAME)";
				SDKROOT = iphoneos;
				STRING_CATALOG_GENERATE_SYMBOLS = NO;
				SWIFT_APPROACHABLE_CONCURRENCY = YES;
				SWIFT_EMIT_LOC_STRINGS = NO;
				SWIFT_UPCOMING_FEATURE_MEMBER_IMPORT_VISIBILITY = YES;
				SWIFT_VERSION = 5.0;
				TARGETED_DEVICE_FAMILY = "1,2";
				TEST_HOST = "$(BUILT_PRODUCTS_DIR)/StickySyncMobile.app/$(BUNDLE_EXECUTABLE_FOLDER_PATH)/StickySyncMobile";
			};
			name = Debug;
		};
		A792D3582FEFF6F700F1CBD3 /* Release */ = {
			isa = XCBuildConfiguration;
			buildSettings = {
				BUNDLE_LOADER = "$(TEST_HOST)";
				CODE_SIGN_STYLE = Automatic;
				CURRENT_PROJECT_VERSION = 1;
				DEVELOPMENT_TEAM = BSPX8X9U4B;
				GENERATE_INFOPLIST_FILE = YES;
				IPHONEOS_DEPLOYMENT_TARGET = 26.0;
				MARKETING_VERSION = 1.0;
				PRODUCT_BUNDLE_IDENTIFIER = wooj.StickySyncMobileTests;
				PRODUCT_NAME = "$(TARGET_NAME)";
				SDKROOT = iphoneos;
				STRING_CATALOG_GENERATE_SYMBOLS = NO;
				SWIFT_APPROACHABLE_CONCURRENCY = YES;
				SWIFT_EMIT_LOC_STRINGS = NO;
				SWIFT_UPCOMING_FEATURE_MEMBER_IMPORT_VISIBILITY = YES;
				SWIFT_VERSION = 5.0;
				TARGETED_DEVICE_FAMILY = "1,2";
				TEST_HOST = "$(BUILT_PRODUCTS_DIR)/StickySyncMobile.app/$(BUNDLE_EXECUTABLE_FOLDER_PATH)/StickySyncMobile";
				VALIDATE_PRODUCT = YES;
			};
			name = Release;
		};
		A792D3652FEFF71500F1CBD3 /* Debug */ = {
			isa = XCBuildConfiguration;
			buildSettings = {
				BUNDLE_LOADER = "$(TEST_HOST)";
				CODE_SIGN_STYLE = Automatic;
				CURRENT_PROJECT_VERSION = 1;
				DEVELOPMENT_TEAM = BSPX8X9U4B;
				GENERATE_INFOPLIST_FILE = YES;
				MARKETING_VERSION = 1.0;
				PRODUCT_BUNDLE_IDENTIFIER = wooj.StickySyncTests;
				PRODUCT_NAME = "$(TARGET_NAME)";
				STRING_CATALOG_GENERATE_SYMBOLS = NO;
				SWIFT_APPROACHABLE_CONCURRENCY = YES;
				SWIFT_EMIT_LOC_STRINGS = NO;
				SWIFT_UPCOMING_FEATURE_MEMBER_IMPORT_VISIBILITY = YES;
				SWIFT_VERSION = 5.0;
				TEST_HOST = "$(BUILT_PRODUCTS_DIR)/StickySync.app/$(BUNDLE_EXECUTABLE_FOLDER_PATH)/StickySync";
			};
			name = Debug;
		};
		A792D3662FEFF71500F1CBD3 /* Release */ = {
			isa = XCBuildConfiguration;
			buildSettings = {
				BUNDLE_LOADER = "$(TEST_HOST)";
				CODE_SIGN_STYLE = Automatic;
				CURRENT_PROJECT_VERSION = 1;
				DEVELOPMENT_TEAM = BSPX8X9U4B;
				GENERATE_INFOPLIST_FILE = YES;
				MARKETING_VERSION = 1.0;
				PRODUCT_BUNDLE_IDENTIFIER = wooj.StickySyncTests;
				PRODUCT_NAME = "$(TARGET_NAME)";
				STRING_CATALOG_GENERATE_SYMBOLS = NO;
				SWIFT_APPROACHABLE_CONCURRENCY = YES;
				SWIFT_EMIT_LOC_STRINGS = NO;
				SWIFT_UPCOMING_FEATURE_MEMBER_IMPORT_VISIBILITY = YES;
				SWIFT_VERSION = 5.0;
				TEST_HOST = "$(BUILT_PRODUCTS_DIR)/StickySync.app/$(BUNDLE_EXECUTABLE_FOLDER_PATH)/StickySync";
			};
			name = Release;
		};
/* End XCBuildConfiguration section */

/* Begin XCConfigurationList section */
		A70052382FE5C55D0081736C /* Build configuration list for PBXProject "StickySync" */ = {
			isa = XCConfigurationList;
			buildConfigurations = (
				A70052462FE5C5600081736C /* Debug */,
				A70052472FE5C5600081736C /* Release */,
			);
			defaultConfigurationIsVisible = 0;
			defaultConfigurationName = Release;
		};
		A70052482FE5C5600081736C /* Build configuration list for PBXNativeTarget "StickySync" */ = {
			isa = XCConfigurationList;
			buildConfigurations = (
				A70052492FE5C5600081736C /* Debug */,
				A700524A2FE5C5600081736C /* Release */,
			);
			defaultConfigurationIsVisible = 0;
			defaultConfigurationName = Release;
		};
		A71D71692FE83173008D48F6 /* Build configuration list for PBXNativeTarget "StickySyncMobile" */ = {
			isa = XCConfigurationList;
			buildConfigurations = (
				A71D716A2FE83173008D48F6 /* Debug */,
				A71D716B2FE83173008D48F6 /* Release */,
			);
			defaultConfigurationIsVisible = 0;
			defaultConfigurationName = Release;
		};
		A792D3592FEFF6F700F1CBD3 /* Build configuration list for PBXNativeTarget "StickySyncMobileTests" */ = {
			isa = XCConfigurationList;
			buildConfigurations = (
				A792D3572FEFF6F700F1CBD3 /* Debug */,
				A792D3582FEFF6F700F1CBD3 /* Release */,
			);
			defaultConfigurationIsVisible = 0;
			defaultConfigurationName = Release;
		};
		A792D3642FEFF71500F1CBD3 /* Build configuration list for PBXNativeTarget "StickySyncTests" */ = {
			isa = XCConfigurationList;
			buildConfigurations = (
				A792D3652FEFF71500F1CBD3 /* Debug */,
				A792D3662FEFF71500F1CBD3 /* Release */,
			);
			defaultConfigurationIsVisible = 0;
			defaultConfigurationName = Release;
		};
/* End XCConfigurationList section */

/* Begin XCLocalSwiftPackageReference section */
		A700525D2FE5CDDB0081736C /* XCLocalSwiftPackageReference "../../../dev/noteskit" */ = {
			isa = XCLocalSwiftPackageReference;
			relativePath = ../../../dev/noteskit;
		};
		A78F031D2FE88FCF00485C17 /* XCLocalSwiftPackageReference "../../../dev/wooj-tokens" */ = {
			isa = XCLocalSwiftPackageReference;
			relativePath = "../../../dev/wooj-tokens";
		};
/* End XCLocalSwiftPackageReference section */

/* Begin XCRemoteSwiftPackageReference section */
		A70052602FE6DC700081736C /* XCRemoteSwiftPackageReference "Sparkle" */ = {
			isa = XCRemoteSwiftPackageReference;
			repositoryURL = "https://github.com/sparkle-project/Sparkle";
			requirement = {
				kind = upToNextMajorVersion;
				minimumVersion = 2.9.3;
			};
		};
		A77762D22FE8A36E0088DECB /* XCRemoteSwiftPackageReference "WhisperKit" */ = {
			isa = XCRemoteSwiftPackageReference;
			repositoryURL = "https://github.com/argmaxinc/WhisperKit.git";
			requirement = {
				branch = main;
				kind = branch;
			};
		};
		A792D3672FEFFA9D00F1CBD3 /* XCRemoteSwiftPackageReference "swift-snapshot-testing" */ = {
			isa = XCRemoteSwiftPackageReference;
			repositoryURL = "https://github.com/pointfreeco/swift-snapshot-testing";
			requirement = {
				kind = upToNextMajorVersion;
				minimumVersion = 1.19.2;
			};
		};
/* End XCRemoteSwiftPackageReference section */

/* Begin XCSwiftPackageProductDependency section */
		A700525E2FE5D0680081736C /* NotesKit */ = {
			isa = XCSwiftPackageProductDependency;
			productName = NotesKit;
		};
		A70052612FE6DC700081736C /* Sparkle */ = {
			isa = XCSwiftPackageProductDependency;
			package = A70052602FE6DC700081736C /* XCRemoteSwiftPackageReference "Sparkle" */;
			productName = Sparkle;
		};
		A71D717A2FE833D7008D48F6 /* NotesKit */ = {
			isa = XCSwiftPackageProductDependency;
			package = A700525D2FE5CDDB0081736C /* XCLocalSwiftPackageReference "../../../dev/noteskit" */;
			productName = NotesKit;
		};
		A77762D32FE8A36E0088DECB /* WhisperKit */ = {
			isa = XCSwiftPackageProductDependency;
			package = A77762D22FE8A36E0088DECB /* XCRemoteSwiftPackageReference "WhisperKit" */;
			productName = WhisperKit;
		};
		A78F031E2FE88FCF00485C17 /* WoojTokens */ = {
			isa = XCSwiftPackageProductDependency;
			productName = WoojTokens;
		};
		A78F03202FE88FDC00485C17 /* WoojTokens */ = {
			isa = XCSwiftPackageProductDependency;
			productName = WoojTokens;
		};
		A792D3682FEFFA9D00F1CBD3 /* SnapshotTesting */ = {
			isa = XCSwiftPackageProductDependency;
			package = A792D3672FEFFA9D00F1CBD3 /* XCRemoteSwiftPackageReference "swift-snapshot-testing" */;
			productName = SnapshotTesting;
		};
		A792D36A2FEFFAA800F1CBD3 /* SnapshotTesting */ = {
			isa = XCSwiftPackageProductDependency;
			package = A792D3672FEFFA9D00F1CBD3 /* XCRemoteSwiftPackageReference "swift-snapshot-testing" */;
			productName = SnapshotTesting;
		};
		B12DC43D40BD40618BB5139E /* WhisperKit */ = {
			isa = XCSwiftPackageProductDependency;
			package = A77762D22FE8A36E0088DECB /* XCRemoteSwiftPackageReference "WhisperKit" */;
			productName = WhisperKit;
		};
/* End XCSwiftPackageProductDependency section */
	};
	rootObject = A70052352FE5C55D0081736C /* Project object */;
}
